
Microsoft Visual Studio Solution File, Format Version 12.00
# Visual Studio 15
VisualStudioVersion = 15.0.27703.2018
MinimumVisualStudioVersion = 10.0.40219.1
Project("{FAE04EC0-301F-11D3-BF4B-00C04F79EFBC}") = "P.Web", "P.Web\P.Web.csproj", "{98FCD2B3-ABE6-4442-98D6-DC4B6BC1E4A7}"
EndProject
Project("{FAE04EC0-301F-11D3-BF4B-00C04F79EFBC}") = "P.Model", "P.Model\P.Model.csproj", "{F3FCDCCC-6E26-4621-9C1F-D7AE1552607B}"
EndProject
Project("{FAE04EC0-301F-11D3-BF4B-00C04F79EFBC}") = "P.PContext", "P.PContext\P.PContext.csproj", "{04C4C1F3-F0A5-428F-8855-9EB65EFC3F4C}"
EndProject
Project("{FAE04EC0-301F-11D3-BF4B-00C04F79EFBC}") = "P.Common", "P.Common\P.Common.csproj", "{52DCEED0-5F51-4505-B11B-4FBCAA9ABA42}"
EndProject
Global
	GlobalSection(SolutionConfigurationPlatforms) = preSolution
		Debug|Any CPU = Debug|Any CPU
		Release|Any CPU = Release|Any CPU
	EndGlobalSection
	GlobalSection(ProjectConfigurationPlatforms) = postSolution
		{98FCD2B3-ABE6-4442-98D6-DC4B6BC1E4A7}.Debug|Any CPU.ActiveCfg = Debug|Any CPU
		{98FCD2B3-ABE6-4442-98D6-DC4B6BC1E4A7}.Debug|Any CPU.Build.0 = Debug|Any CPU
		{98FCD2B3-ABE6-4442-98D6-DC4B6BC1E4A7}.Release|Any CPU.ActiveCfg = Release|Any CPU
		{98FCD2B3-ABE6-4442-98D6-DC4B6BC1E4A7}.Release|Any CPU.Build.0 = Release|Any CPU
		{F3FCDCCC-6E26-4621-9C1F-D7AE1552607B}.Debug|Any CPU.ActiveCfg = Debug|Any CPU
		{F3FCDCCC-6E26-4621-9C1F-D7AE1552607B}.Debug|Any CPU.Build.0 = Debug|Any CPU
		{F3FCDCCC-6E26-4621-9C1F-D7AE1552607B}.Release|Any CPU.ActiveCfg = Release|Any CPU
		{F3FCDCCC-6E26-4621-9C1F-D7AE1552607B}.Release|Any CPU.Build.0 = Release|Any CPU
		{04C4C1F3-F0A5-428F-8855-9EB65EFC3F4C}.Debug|Any CPU.ActiveCfg = Debug|Any CPU
		{04C4C1F3-F0A5-428F-8855-9EB65EFC3F4C}.Debug|Any CPU.Build.0 = Debug|Any CPU
		{04C4C1F3-F0A5-428F-8855-9EB65EFC3F4C}.Release|Any CPU.ActiveCfg = Release|Any CPU
		{04C4C1F3-F0A5-428F-8855-9EB65EFC3F4C}.Release|Any CPU.Build.0 = Release|Any CPU
		{52DCEED0-5F51-4505-B11B-4FBCAA9ABA42}.Debug|Any CPU.ActiveCfg = Debug|Any CPU
		{52DCEED0-5F51-4505-B11B-4FBCAA9ABA42}.Debug|Any CPU.Build.0 = Debug|Any CPU
		{52DCEED0-5F51-4505-B11B-4FBCAA9ABA42}.Release|Any CPU.ActiveCfg = Release|Any CPU
		{52DCEED0-5F51-4505-B11B-4FBCAA9ABA42}.Release|Any CPU.Build.0 = Release|Any CPU
	EndGlobalSection
	GlobalSection(SolutionProperties) = preSolution
		HideSolutionNode = FALSE
	EndGlobalSection
	GlobalSection(ExtensibilityGlobals) = postSolution
		SolutionGuid = {5C561F77-830F-4509-8E54-698D6BF015D1}
	EndGlobalSection
EndGlobal
